
Microsoft Visual Studio Solution File, Format Version 12.00
# Visual Studio Version 17
VisualStudioVersion = 17.10.35013.160
MinimumVisualStudioVersion = 10.0.40219.1
Project("{FAE04EC0-301F-11D3-BF4B-00C04F79EFBC}") = "CW_W16_01_114", "CW_W16_01_114\CW_W16_01_114.csproj", "{64536A82-A492-48D2-A5BB-45F18AB5BF58}"
EndProject
Project("{FAE04EC0-301F-11D3-BF4B-00C04F79EFBC}") = "DataAccess", "DataAccess\DataAccess.csproj", "{7152041C-4065-41BD-94BC-CA528AB7A2C1}"
EndProject
Global
	GlobalSection(SolutionConfigurationPlatforms) = preSolution
		Debug|Any CPU = Debug|Any CPU
		Release|Any CPU = Release|Any CPU
	EndGlobalSection
	GlobalSection(ProjectConfigurationPlatforms) = postSolution
		{64536A82-A492-48D2-A5BB-45F18AB5BF58}.Debug|Any CPU.ActiveCfg = Debug|Any CPU
		{64536A82-A492-48D2-A5BB-45F18AB5BF58}.Debug|Any CPU.Build.0 = Debug|Any CPU
		{64536A82-A492-48D2-A5BB-45F18AB5BF58}.Release|Any CPU.ActiveCfg = Release|Any CPU
		{64536A82-A492-48D2-A5BB-45F18AB5BF58}.Release|Any CPU.Build.0 = Release|Any CPU
		{7152041C-4065-41BD-94BC-CA528AB7A2C1}.Debug|Any CPU.ActiveCfg = Debug|Any CPU
		{7152041C-4065-41BD-94BC-CA528AB7A2C1}.Debug|Any CPU.Build.0 = Debug|Any CPU
		{7152041C-4065-41BD-94BC-CA528AB7A2C1}.Release|Any CPU.ActiveCfg = Release|Any CPU
		{7152041C-4065-41BD-94BC-CA528AB7A2C1}.Release|Any CPU.Build.0 = Release|Any CPU
	EndGlobalSection
	GlobalSection(SolutionProperties) = preSolution
		HideSolutionNode = FALSE
	EndGlobalSection
	GlobalSection(ExtensibilityGlobals) = postSolution
		SolutionGuid = {7C94D143-6B00-4512-9FFB-AF6BCC2828F4}
	EndGlobalSection
EndGlobal
